
Microsoft Visual Studio Solution File, Format Version 12.00
# Visual Studio Version 17
VisualStudioVersion = 17.13.35913.81 d17.13
MinimumVisualStudioVersion = 10.0.40219.1
Project("{FAE04EC0-301F-11D3-BF4B-00C04F79EFBC}") = "GestockTeste", "GestockTeste\GestockTeste.csproj", "{060C4B67-8750-401C-A580-180849612C15}"
EndProject
Global
	GlobalSection(SolutionConfigurationPlatforms) = preSolution
		Debug|Any CPU = Debug|Any CPU
		Release|Any CPU = Release|Any CPU
	EndGlobalSection
	GlobalSection(ProjectConfigurationPlatforms) = postSolution
		{060C4B67-8750-401C-A580-180849612C15}.Debug|Any CPU.ActiveCfg = Debug|Any CPU
		{060C4B67-8750-401C-A580-180849612C15}.Debug|Any CPU.Build.0 = Debug|Any CPU
		{060C4B67-8750-401C-A580-180849612C15}.Release|Any CPU.ActiveCfg = Release|Any CPU
		{060C4B67-8750-401C-A580-180849612C15}.Release|Any CPU.Build.0 = Release|Any CPU
	EndGlobalSection
	GlobalSection(SolutionProperties) = preSolution
		HideSolutionNode = FALSE
	EndGlobalSection
	GlobalSection(ExtensibilityGlobals) = postSolution
		SolutionGuid = {0CFE5EB7-8730-4911-A258-FC659FD01FA4}
	EndGlobalSection
EndGlobal
